
Microsoft Visual Studio Solution File, Format Version 12.00
# Visual Studio Version 16
VisualStudioVersion = 16.0.32002.261
MinimumVisualStudioVersion = 10.0.40219.1
Project("{D954291E-2A0B-460D-934E-DC6B0785DB48}") = "DashBoardApp.Shared", "DashBoardApp\DashBoardApp.Shared\DashBoardApp.Shared.shproj", "{6279C845-92F8-4333-AB99-3D213163593C}"
EndProject
Project("{2150E333-8FDC-42A3-9474-1A3956D46DE8}") = "Platforms", "Platforms", "{0AFA2AAD-3598-4B15-8CF2-C5D2BEA5E1FF}"
EndProject
Project("{FAE04EC0-301F-11D3-BF4B-00C04F79EFBC}") = "DashBoardApp.Droid", "DashBoardApp\DashBoardApp.Droid\DashBoardApp.Droid.csproj", "{295A5203-27B0-4D0B-94D4-574F3541990F}"
EndProject
Project("{FAE04EC0-301F-11D3-BF4B-00C04F79EFBC}") = "DashBoardApp.iOS", "DashBoardApp\DashBoardApp.iOS\DashBoardApp.iOS.csproj", "{48D4A7CB-715F-433E-84FD-7784BAF8AFEB}"
EndProject
Project("{FAE04EC0-301F-11D3-BF4B-00C04F79EFBC}") = "DashBoardApp.UWP", "DashBoardApp\DashBoardApp.UWP\DashBoardApp.UWP.csproj", "{03B3CE25-40AB-41CB-A9BA-4A21F9F8816F}"
EndProject
Project("{FAE04EC0-301F-11D3-BF4B-00C04F79EFBC}") = "DashBoardApp.Wasm", "DashBoardApp\DashBoardApp.Wasm\DashBoardApp.Wasm.csproj", "{942015AA-5F58-4BE8-9480-17485578369E}"
EndProject
Project("{FAE04EC0-301F-11D3-BF4B-00C04F79EFBC}") = "DashBoardApp.macOS", "DashBoardApp\DashBoardApp.macOS\DashBoardApp.macOS.csproj", "{6C48F5BF-9B63-4ACC-993E-F4B561731A4F}"
EndProject
Project("{FAE04EC0-301F-11D3-BF4B-00C04F79EFBC}") = "DashBoardApp.Skia.Wpf.Host", "DashBoardApp\DashBoardApp.Skia.Wpf.Host\DashBoardApp.Skia.Wpf.Host.csproj", "{F54350A6-284E-4FB5-B330-D0DBB4AE34B8}"
EndProject
Project("{FAE04EC0-301F-11D3-BF4B-00C04F79EFBC}") = "DashBoardApp.Skia.Wpf", "DashBoardApp\DashBoardApp.Skia.Wpf\DashBoardApp.Skia.Wpf.csproj", "{DF1DCB04-7B38-4BD7-AFA6-11E029070CBB}"
EndProject
Project("{FAE04EC0-301F-11D3-BF4B-00C04F79EFBC}") = "DashBoardApp.Skia.Gtk", "DashBoardApp\DashBoardApp.Skia.Gtk\DashBoardApp.Skia.Gtk.csproj", "{366986ED-C74C-4D07-BCE4-D785E21E6923}"
EndProject
Project("{FAE04EC0-301F-11D3-BF4B-00C04F79EFBC}") = "DashBoardApp.Skia.Tizen", "DashBoardApp\DashBoardApp.Skia.Tizen\DashBoardApp.Skia.Tizen.csproj", "{7636DB8A-8B8C-46C2-9296-891FD7F79821}"
EndProject
Global
	GlobalSection(SharedMSBuildProjectFiles) = preSolution
		DashBoardApp\DashBoardApp.Shared\DashBoardApp.Shared.projitems*{03b3ce25-40ab-41cb-a9ba-4a21f9f8816f}*SharedItemsImports = 4
		DashBoardApp\DashBoardApp.Shared\DashBoardApp.Shared.projitems*{295a5203-27b0-4d0b-94d4-574f3541990f}*SharedItemsImports = 4
		DashBoardApp\DashBoardApp.Shared\DashBoardApp.Shared.projitems*{366986ed-c74c-4d07-bce4-d785e21e6923}*SharedItemsImports = 5
		DashBoardApp\DashBoardApp.Shared\DashBoardApp.Shared.projitems*{48d4a7cb-715f-433e-84fd-7784baf8afeb}*SharedItemsImports = 4
		DashBoardApp\DashBoardApp.Shared\DashBoardApp.Shared.projitems*{6279c845-92f8-4333-ab99-3d213163593c}*SharedItemsImports = 13
		DashBoardApp\DashBoardApp.Shared\DashBoardApp.Shared.projitems*{6c48f5bf-9b63-4acc-993e-f4b561731a4f}*SharedItemsImports = 4
		DashBoardApp\DashBoardApp.Shared\DashBoardApp.Shared.projitems*{7636db8a-8b8c-46c2-9296-891fd7f79821}*SharedItemsImports = 5
		DashBoardApp\DashBoardApp.Shared\DashBoardApp.Shared.projitems*{942015aa-5f58-4be8-9480-17485578369e}*SharedItemsImports = 5
		DashBoardApp\DashBoardApp.Shared\DashBoardApp.Shared.projitems*{df1dcb04-7b38-4bd7-afa6-11e029070cbb}*SharedItemsImports = 5
	EndGlobalSection
	GlobalSection(SolutionConfigurationPlatforms) = preSolution
		Ad-Hoc|Any CPU = Ad-Hoc|Any CPU
		Ad-Hoc|ARM = Ad-Hoc|ARM
		Ad-Hoc|ARM64 = Ad-Hoc|ARM64
		Ad-Hoc|iPhone = Ad-Hoc|iPhone
		Ad-Hoc|iPhoneSimulator = Ad-Hoc|iPhoneSimulator
		Ad-Hoc|x64 = Ad-Hoc|x64
		Ad-Hoc|x86 = Ad-Hoc|x86
		AppStore|Any CPU = AppStore|Any CPU
		AppStore|ARM = AppStore|ARM
		AppStore|ARM64 = AppStore|ARM64
		AppStore|iPhone = AppStore|iPhone
		AppStore|iPhoneSimulator = AppStore|iPhoneSimulator
		AppStore|x64 = AppStore|x64
		AppStore|x86 = AppStore|x86
		Debug|Any CPU = Debug|Any CPU
		Debug|ARM = Debug|ARM
		Debug|ARM64 = Debug|ARM64
		Debug|iPhone = Debug|iPhone
		Debug|iPhoneSimulator = Debug|iPhoneSimulator
		Debug|x64 = Debug|x64
		Debug|x86 = Debug|x86
		Release|Any CPU = Release|Any CPU
		Release|ARM = Release|ARM
		Release|ARM64 = Release|ARM64
		Release|iPhone = Release|iPhone
		Release|iPhoneSimulator = Release|iPhoneSimulator
		Release|x64 = Release|x64
		Release|x86 = Release|x86
	EndGlobalSection
	GlobalSection(ProjectConfigurationPlatforms) = postSolution
		{295A5203-27B0-4D0B-94D4-574F3541990F}.Ad-Hoc|Any CPU.ActiveCfg = Debug|Any CPU
		{295A5203-27B0-4D0B-94D4-574F3541990F}.Ad-Hoc|Any CPU.Build.0 = Debug|Any CPU
		{295A5203-27B0-4D0B-94D4-574F3541990F}.Ad-Hoc|Any CPU.Deploy.0 = Debug|Any CPU
		{295A5203-27B0-4D0B-94D4-574F3541990F}.Ad-Hoc|ARM.ActiveCfg = Debug|Any CPU
		{295A5203-27B0-4D0B-94D4-574F3541990F}.Ad-Hoc|ARM.Build.0 = Debug|Any CPU
		{295A5203-27B0-4D0B-94D4-574F3541990F}.Ad-Hoc|ARM.Deploy.0 = Debug|Any CPU
		{295A5203-27B0-4D0B-94D4-574F3541990F}.Ad-Hoc|ARM64.ActiveCfg = Debug|Any CPU
		{295A5203-27B0-4D0B-94D4-574F3541990F}.Ad-Hoc|ARM64.Build.0 = Debug|Any CPU
		{295A5203-27B0-4D0B-94D4-574F3541990F}.Ad-Hoc|ARM64.Deploy.0 = Debug|Any CPU
		{295A5203-27B0-4D0B-94D4-574F3541990F}.Ad-Hoc|iPhone.ActiveCfg = Debug|Any CPU
		{295A5203-27B0-4D0B-94D4-574F3541990F}.Ad-Hoc|iPhone.Build.0 = Debug|Any CPU
		{295A5203-27B0-4D0B-94D4-574F3541990F}.Ad-Hoc|iPhone.Deploy.0 = Debug|Any CPU
		{295A5203-27B0-4D0B-94D4-574F3541990F}.Ad-Hoc|iPhoneSimulator.ActiveCfg = Debug|Any CPU
		{295A5203-27B0-4D0B-94D4-574F3541990F}.Ad-Hoc|iPhoneSimulator.Build.0 = Debug|Any CPU
		{295A5203-27B0-4D0B-94D4-574F3541990F}.Ad-Hoc|iPhoneSimulator.Deploy.0 = Debug|Any CPU
		{295A5203-27B0-4D0B-94D4-574F3541990F}.Ad-Hoc|x64.ActiveCfg = Debug|Any CPU
		{295A5203-27B0-4D0B-94D4-574F3541990F}.Ad-Hoc|x64.Build.0 = Debug|Any CPU
		{295A5203-27B0-4D0B-94D4-574F3541990F}.Ad-Hoc|x64.Deploy.0 = Debug|Any CPU
		{295A5203-27B0-4D0B-94D4-574F3541990F}.Ad-Hoc|x86.ActiveCfg = Debug|Any CPU
		{295A5203-27B0-4D0B-94D4-574F3541990F}.Ad-Hoc|x86.Build.0 = Debug|Any CPU
		{295A5203-27B0-4D0B-94D4-574F3541990F}.Ad-Hoc|x86.Deploy.0 = Debug|Any CPU
		{295A5203-27B0-4D0B-94D4-574F3541990F}.AppStore|Any CPU.ActiveCfg = Debug|Any CPU
		{295A5203-27B0-4D0B-94D4-574F3541990F}.AppStore|Any CPU.Build.0 = Debug|Any CPU
		{295A5203-27B0-4D0B-94D4-574F3541990F}.AppStore|Any CPU.Deploy.0 = Debug|Any CPU
		{295A5203-27B0-4D0B-94D4-574F3541990F}.AppStore|ARM.ActiveCfg = Debug|Any CPU
		{295A5203-27B0-4D0B-94D4-574F3541990F}.AppStore|ARM.Build.0 = Debug|Any CPU
		{295A5203-27B0-4D0B-94D4-574F3541990F}.AppStore|ARM.Deploy.0 = Debug|Any CPU
		{295A5203-27B0-4D0B-94D4-574F3541990F}.AppStore|ARM64.ActiveCfg = Debug|Any CPU
		{295A5203-27B0-4D0B-94D4-574F3541990F}.AppStore|ARM64.Build.0 = Debug|Any CPU
		{295A5203-27B0-4D0B-94D4-574F3541990F}.AppStore|ARM64.Deploy.0 = Debug|Any CPU
		{295A5203-27B0-4D0B-94D4-574F3541990F}.AppStore|iPhone.ActiveCfg = Debug|Any CPU
		{295A5203-27B0-4D0B-94D4-574F3541990F}.AppStore|iPhone.Build.0 = Debug|Any CPU
		{295A5203-27B0-4D0B-94D4-574F3541990F}.AppStore|iPhone.Deploy.0 = Debug|Any CPU
		{295A5203-27B0-4D0B-94D4-574F3541990F}.AppStore|iPhoneSimulator.ActiveCfg = Debug|Any CPU
		{295A5203-27B0-4D0B-94D4-574F3541990F}.AppStore|iPhoneSimulator.Build.0 = Debug|Any CPU
		{295A5203-27B0-4D0B-94D4-574F3541990F}.AppStore|iPhoneSimulator.Deploy.0 = Debug|Any CPU
		{295A5203-27B0-4D0B-94D4-574F3541990F}.AppStore|x64.ActiveCfg = Debug|Any CPU
		{295A5203-27B0-4D0B-94D4-574F3541990F}.AppStore|x64.Build.0 = Debug|Any CPU
		{295A5203-27B0-4D0B-94D4-574F3541990F}.AppStore|x64.Deploy.0 = Debug|Any CPU
		{295A5203-27B0-4D0B-94D4-574F3541990F}.AppStore|x86.ActiveCfg = Debug|Any CPU
		{295A5203-27B0-4D0B-94D4-574F3541990F}.AppStore|x86.Build.0 = Debug|Any CPU
		{295A5203-27B0-4D0B-94D4-574F3541990F}.AppStore|x86.Deploy.0 = Debug|Any CPU
		{295A5203-27B0-4D0B-94D4-574F3541990F}.Debug|Any CPU.ActiveCfg = Debug|Any CPU
		{295A5203-27B0-4D0B-94D4-574F3541990F}.Debug|Any CPU.Build.0 = Debug|Any CPU
		{295A5203-27B0-4D0B-94D4-574F3541990F}.Debug|Any CPU.Deploy.0 = Debug|Any CPU
		{295A5203-27B0-4D0B-94D4-574F3541990F}.Debug|ARM.ActiveCfg = Debug|Any CPU
		{295A5203-27B0-4D0B-94D4-574F3541990F}.Debug|ARM.Build.0 = Debug|Any CPU
		{295A5203-27B0-4D0B-94D4-574F3541990F}.Debug|ARM.Deploy.0 = Debug|Any CPU
		{295A5203-27B0-4D0B-94D4-574F3541990F}.Debug|ARM64.ActiveCfg = Debug|Any CPU
		{295A5203-27B0-4D0B-94D4-574F3541990F}.Debug|ARM64.Build.0 = Debug|Any CPU
		{295A5203-27B0-4D0B-94D4-574F3541990F}.Debug|ARM64.Deploy.0 = Debug|Any CPU
		{295A5203-27B0-4D0B-94D4-574F3541990F}.Debug|iPhone.ActiveCfg = Debug|Any CPU
		{295A5203-27B0-4D0B-94D4-574F3541990F}.Debug|iPhone.Build.0 = Debug|Any CPU
		{295A5203-27B0-4D0B-94D4-574F3541990F}.Debug|iPhone.Deploy.0 = Debug|Any CPU
		{295A5203-27B0-4D0B-94D4-574F3541990F}.Debug|iPhoneSimulator.ActiveCfg = Debug|Any CPU
		{295A5203-27B0-4D0B-94D4-574F3541990F}.Debug|iPhoneSimulator.Build.0 = Debug|Any CPU
		{295A5203-27B0-4D0B-94D4-574F3541990F}.Debug|iPhoneSimulator.Deploy.0 = Debug|Any CPU
		{295A5203-27B0-4D0B-94D4-574F3541990F}.Debug|x64.ActiveCfg = Debug|Any CPU
		{295A5203-27B0-4D0B-94D4-574F3541990F}.Debug|x64.Build.0 = Debug|Any CPU
		{295A5203-27B0-4D0B-94D4-574F3541990F}.Debug|x64.Deploy.0 = Debug|Any CPU
		{295A5203-27B0-4D0B-94D4-574F3541990F}.Debug|x86.ActiveCfg = Debug|Any CPU
		{295A5203-27B0-4D0B-94D4-574F3541990F}.Debug|x86.Build.0 = Debug|Any CPU
		{295A5203-27B0-4D0B-94D4-574F3541990F}.Debug|x86.Deploy.0 = Debug|Any CPU
		{295A5203-27B0-4D0B-94D4-574F3541990F}.Release|Any CPU.ActiveCfg = Release|Any CPU
		{295A5203-27B0-4D0B-94D4-574F3541990F}.Release|Any CPU.Build.0 = Release|Any CPU
		{295A5203-27B0-4D0B-94D4-574F3541990F}.Release|Any CPU.Deploy.0 = Release|Any CPU
		{295A5203-27B0-4D0B-94D4-574F3541990F}.Release|ARM.ActiveCfg = Release|Any CPU
		{295A5203-27B0-4D0B-94D4-574F3541990F}.Release|ARM.Build.0 = Release|Any CPU
		{295A5203-27B0-4D0B-94D4-574F3541990F}.Release|ARM.Deploy.0 = Release|Any CPU
		{295A5203-27B0-4D0B-94D4-574F3541990F}.Release|ARM64.ActiveCfg = Release|Any CPU
		{295A5203-27B0-4D0B-94D4-574F3541990F}.Release|ARM64.Build.0 = Release|Any CPU
		{295A5203-27B0-4D0B-94D4-574F3541990F}.Release|ARM64.Deploy.0 = Release|Any CPU
		{295A5203-27B0-4D0B-94D4-574F3541990F}.Release|iPhone.ActiveCfg = Release|Any CPU
		{295A5203-27B0-4D0B-94D4-574F3541990F}.Release|iPhone.Build.0 = Release|Any CPU
		{295A5203-27B0-4D0B-94D4-574F3541990F}.Release|iPhone.Deploy.0 = Release|Any CPU
		{295A5203-27B0-4D0B-94D4-574F3541990F}.Release|iPhoneSimulator.ActiveCfg = Release|Any CPU
		{295A5203-27B0-4D0B-94D4-574F3541990F}.Release|iPhoneSimulator.Build.0 = Release|Any CPU
		{295A5203-27B0-4D0B-94D4-574F3541990F}.Release|iPhoneSimulator.Deploy.0 = Release|Any CPU
		{295A5203-27B0-4D0B-94D4-574F3541990F}.Release|x64.ActiveCfg = Release|Any CPU
		{295A5203-27B0-4D0B-94D4-574F3541990F}.Release|x64.Build.0 = Release|Any CPU
		{295A5203-27B0-4D0B-94D4-574F3541990F}.Release|x64.Deploy.0 = Release|Any CPU
		{295A5203-27B0-4D0B-94D4-574F3541990F}.Release|x86.ActiveCfg = Release|Any CPU
		{295A5203-27B0-4D0B-94D4-574F3541990F}.Release|x86.Build.0 = Release|Any CPU
		{295A5203-27B0-4D0B-94D4-574F3541990F}.Release|x86.Deploy.0 = Release|Any CPU
		{48D4A7CB-715F-433E-84FD-7784BAF8AFEB}.Ad-Hoc|Any CPU.ActiveCfg = Ad-Hoc|iPhoneSimulator
		{48D4A7CB-715F-433E-84FD-7784BAF8AFEB}.Ad-Hoc|ARM.ActiveCfg = Ad-Hoc|iPhoneSimulator
		{48D4A7CB-715F-433E-84FD-7784BAF8AFEB}.Ad-Hoc|ARM64.ActiveCfg = Ad-Hoc|iPhoneSimulator
		{48D4A7CB-715F-433E-84FD-7784BAF8AFEB}.Ad-Hoc|iPhone.ActiveCfg = Ad-Hoc|iPhone
		{48D4A7CB-715F-433E-84FD-7784BAF8AFEB}.Ad-Hoc|iPhone.Build.0 = Ad-Hoc|iPhone
		{48D4A7CB-715F-433E-84FD-7784BAF8AFEB}.Ad-Hoc|iPhoneSimulator.ActiveCfg = Ad-Hoc|iPhoneSimulator
		{48D4A7CB-715F-433E-84FD-7784BAF8AFEB}.Ad-Hoc|iPhoneSimulator.Build.0 = Ad-Hoc|iPhoneSimulator
		{48D4A7CB-715F-433E-84FD-7784BAF8AFEB}.Ad-Hoc|x64.ActiveCfg = Ad-Hoc|iPhoneSimulator
		{48D4A7CB-715F-433E-84FD-7784BAF8AFEB}.Ad-Hoc|x86.ActiveCfg = Ad-Hoc|iPhoneSimulator
		{48D4A7CB-715F-433E-84FD-7784BAF8AFEB}.AppStore|Any CPU.ActiveCfg = AppStore|iPhoneSimulator
		{48D4A7CB-715F-433E-84FD-7784BAF8AFEB}.AppStore|ARM.ActiveCfg = AppStore|iPhoneSimulator
		{48D4A7CB-715F-433E-84FD-7784BAF8AFEB}.AppStore|ARM64.ActiveCfg = AppStore|iPhoneSimulator
		{48D4A7CB-715F-433E-84FD-7784BAF8AFEB}.AppStore|iPhone.ActiveCfg = AppStore|iPhone
		{48D4A7CB-715F-433E-84FD-7784BAF8AFEB}.AppStore|iPhone.Build.0 = AppStore|iPhone
		{48D4A7CB-715F-433E-84FD-7784BAF8AFEB}.AppStore|iPhoneSimulator.ActiveCfg = AppStore|iPhoneSimulator
		{48D4A7CB-715F-433E-84FD-7784BAF8AFEB}.AppStore|iPhoneSimulator.Build.0 = AppStore|iPhoneSimulator
		{48D4A7CB-715F-433E-84FD-7784BAF8AFEB}.AppStore|x64.ActiveCfg = AppStore|iPhoneSimulator
		{48D4A7CB-715F-433E-84FD-7784BAF8AFEB}.AppStore|x86.ActiveCfg = AppStore|iPhoneSimulator
		{48D4A7CB-715F-433E-84FD-7784BAF8AFEB}.Debug|Any CPU.ActiveCfg = Debug|iPhoneSimulator
		{48D4A7CB-715F-433E-84FD-7784BAF8AFEB}.Debug|ARM.ActiveCfg = Debug|iPhoneSimulator
		{48D4A7CB-715F-433E-84FD-7784BAF8AFEB}.Debug|ARM64.ActiveCfg = Debug|iPhoneSimulator
		{48D4A7CB-715F-433E-84FD-7784BAF8AFEB}.Debug|iPhone.ActiveCfg = Debug|iPhone
		{48D4A7CB-715F-433E-84FD-7784BAF8AFEB}.Debug|iPhone.Build.0 = Debug|iPhone
		{48D4A7CB-715F-433E-84FD-7784BAF8AFEB}.Debug|iPhoneSimulator.ActiveCfg = Debug|iPhoneSimulator
		{48D4A7CB-715F-433E-84FD-7784BAF8AFEB}.Debug|iPhoneSimulator.Build.0 = Debug|iPhoneSimulator
		{48D4A7CB-715F-433E-84FD-7784BAF8AFEB}.Debug|x64.ActiveCfg = Debug|iPhoneSimulator
		{48D4A7CB-715F-433E-84FD-7784BAF8AFEB}.Debug|x86.ActiveCfg = Debug|iPhoneSimulator
		{48D4A7CB-715F-433E-84FD-7784BAF8AFEB}.Release|Any CPU.ActiveCfg = Release|iPhoneSimulator
		{48D4A7CB-715F-433E-84FD-7784BAF8AFEB}.Release|ARM.ActiveCfg = Release|iPhoneSimulator
		{48D4A7CB-715F-433E-84FD-7784BAF8AFEB}.Release|ARM64.ActiveCfg = Release|iPhoneSimulator
		{48D4A7CB-715F-433E-84FD-7784BAF8AFEB}.Release|iPhone.ActiveCfg = Release|iPhone
		{48D4A7CB-715F-433E-84FD-7784BAF8AFEB}.Release|iPhone.Build.0 = Release|iPhone
		{48D4A7CB-715F-433E-84FD-7784BAF8AFEB}.Release|iPhoneSimulator.ActiveCfg = Release|iPhoneSimulator
		{48D4A7CB-715F-433E-84FD-7784BAF8AFEB}.Release|iPhoneSimulator.Build.0 = Release|iPhoneSimulator
		{48D4A7CB-715F-433E-84FD-7784BAF8AFEB}.Release|x64.ActiveCfg = Release|iPhoneSimulator
		{48D4A7CB-715F-433E-84FD-7784BAF8AFEB}.Release|x86.ActiveCfg = Release|iPhoneSimulator
		{03B3CE25-40AB-41CB-A9BA-4A21F9F8816F}.Ad-Hoc|Any CPU.ActiveCfg = Debug|x86
		{03B3CE25-40AB-41CB-A9BA-4A21F9F8816F}.Ad-Hoc|Any CPU.Build.0 = Debug|x86
		{03B3CE25-40AB-41CB-A9BA-4A21F9F8816F}.Ad-Hoc|Any CPU.Deploy.0 = Debug|x86
		{03B3CE25-40AB-41CB-A9BA-4A21F9F8816F}.Ad-Hoc|ARM.ActiveCfg = Debug|ARM
		{03B3CE25-40AB-41CB-A9BA-4A21F9F8816F}.Ad-Hoc|ARM.Build.0 = Debug|ARM
		{03B3CE25-40AB-41CB-A9BA-4A21F9F8816F}.Ad-Hoc|ARM.Deploy.0 = Debug|ARM
		{03B3CE25-40AB-41CB-A9BA-4A21F9F8816F}.Ad-Hoc|ARM64.ActiveCfg = Debug|ARM64
		{03B3CE25-40AB-41CB-A9BA-4A21F9F8816F}.Ad-Hoc|ARM64.Build.0 = Debug|ARM64
		{03B3CE25-40AB-41CB-A9BA-4A21F9F8816F}.Ad-Hoc|ARM64.Deploy.0 = Debug|ARM64
		{03B3CE25-40AB-41CB-A9BA-4A21F9F8816F}.Ad-Hoc|iPhone.ActiveCfg = Debug|x86
		{03B3CE25-40AB-41CB-A9BA-4A21F9F8816F}.Ad-Hoc|iPhone.Build.0 = Debug|x86
		{03B3CE25-40AB-41CB-A9BA-4A21F9F8816F}.Ad-Hoc|iPhone.Deploy.0 = Debug|x86
		{03B3CE25-40AB-41CB-A9BA-4A21F9F8816F}.Ad-Hoc|iPhoneSimulator.ActiveCfg = Debug|x86
		{03B3CE25-40AB-41CB-A9BA-4A21F9F8816F}.Ad-Hoc|iPhoneSimulator.Build.0 = Debug|x86
		{03B3CE25-40AB-41CB-A9BA-4A21F9F8816F}.Ad-Hoc|iPhoneSimulator.Deploy.0 = Debug|x86
		{03B3CE25-40AB-41CB-A9BA-4A21F9F8816F}.Ad-Hoc|x64.ActiveCfg = Debug|x64
		{03B3CE25-40AB-41CB-A9BA-4A21F9F8816F}.Ad-Hoc|x64.Build.0 = Debug|x64
		{03B3CE25-40AB-41CB-A9BA-4A21F9F8816F}.Ad-Hoc|x64.Deploy.0 = Debug|x64
		{03B3CE25-40AB-41CB-A9BA-4A21F9F8816F}.Ad-Hoc|x86.ActiveCfg = Debug|x86
		{03B3CE25-40AB-41CB-A9BA-4A21F9F8816F}.Ad-Hoc|x86.Build.0 = Debug|x86
		{03B3CE25-40AB-41CB-A9BA-4A21F9F8816F}.Ad-Hoc|x86.Deploy.0 = Debug|x86
		{03B3CE25-40AB-41CB-A9BA-4A21F9F8816F}.AppStore|Any CPU.ActiveCfg = Debug|x86
		{03B3CE25-40AB-41CB-A9BA-4A21F9F8816F}.AppStore|Any CPU.Build.0 = Debug|x86
		{03B3CE25-40AB-41CB-A9BA-4A21F9F8816F}.AppStore|Any CPU.Deploy.0 = Debug|x86
		{03B3CE25-40AB-41CB-A9BA-4A21F9F8816F}.AppStore|ARM.ActiveCfg = Debug|ARM
		{03B3CE25-40AB-41CB-A9BA-4A21F9F8816F}.AppStore|ARM.Build.0 = Debug|ARM
		{03B3CE25-40AB-41CB-A9BA-4A21F9F8816F}.AppStore|ARM.Deploy.0 = Debug|ARM
		{03B3CE25-40AB-41CB-A9BA-4A21F9F8816F}.AppStore|ARM64.ActiveCfg = Debug|ARM64
		{03B3CE25-40AB-41CB-A9BA-4A21F9F8816F}.AppStore|ARM64.Build.0 = Debug|ARM64
		{03B3CE25-40AB-41CB-A9BA-4A21F9F8816F}.AppStore|ARM64.Deploy.0 = Debug|ARM64
		{03B3CE25-40AB-41CB-A9BA-4A21F9F8816F}.AppStore|iPhone.ActiveCfg = Debug|x86
		{03B3CE25-40AB-41CB-A9BA-4A21F9F8816F}.AppStore|iPhone.Build.0 = Debug|x86
		{03B3CE25-40AB-41CB-A9BA-4A21F9F8816F}.AppStore|iPhone.Deploy.0 = Debug|x86
		{03B3CE25-40AB-41CB-A9BA-4A21F9F8816F}.AppStore|iPhoneSimulator.ActiveCfg = Debug|x86
		{03B3CE25-40AB-41CB-A9BA-4A21F9F8816F}.AppStore|iPhoneSimulator.Build.0 = Debug|x86
		{03B3CE25-40AB-41CB-A9BA-4A21F9F8816F}.AppStore|iPhoneSimulator.Deploy.0 = Debug|x86
		{03B3CE25-40AB-41CB-A9BA-4A21F9F8816F}.AppStore|x64.ActiveCfg = Debug|x64
		{03B3CE25-40AB-41CB-A9BA-4A21F9F8816F}.AppStore|x64.Build.0 = Debug|x64
		{03B3CE25-40AB-41CB-A9BA-4A21F9F8816F}.AppStore|x64.Deploy.0 = Debug|x64
		{03B3CE25-40AB-41CB-A9BA-4A21F9F8816F}.AppStore|x86.ActiveCfg = Debug|x86
		{03B3CE25-40AB-41CB-A9BA-4A21F9F8816F}.AppStore|x86.Build.0 = Debug|x86
		{03B3CE25-40AB-41CB-A9BA-4A21F9F8816F}.AppStore|x86.Deploy.0 = Debug|x86
		{03B3CE25-40AB-41CB-A9BA-4A21F9F8816F}.Debug|Any CPU.ActiveCfg = Debug|x86
		{03B3CE25-40AB-41CB-A9BA-4A21F9F8816F}.Debug|Any CPU.Build.0 = Debug|x86
		{03B3CE25-40AB-41CB-A9BA-4A21F9F8816F}.Debug|Any CPU.Deploy.0 = Debug|x86
		{03B3CE25-40AB-41CB-A9BA-4A21F9F8816F}.Debug|ARM.ActiveCfg = Debug|ARM
		{03B3CE25-40AB-41CB-A9BA-4A21F9F8816F}.Debug|ARM.Build.0 = Debug|ARM
		{03B3CE25-40AB-41CB-A9BA-4A21F9F8816F}.Debug|ARM.Deploy.0 = Debug|ARM
		{03B3CE25-40AB-41CB-A9BA-4A21F9F8816F}.Debug|ARM64.ActiveCfg = Debug|ARM64
		{03B3CE25-40AB-41CB-A9BA-4A21F9F8816F}.Debug|ARM64.Build.0 = Debug|ARM64
		{03B3CE25-40AB-41CB-A9BA-4A21F9F8816F}.Debug|ARM64.Deploy.0 = Debug|ARM64
		{03B3CE25-40AB-41CB-A9BA-4A21F9F8816F}.Debug|iPhone.ActiveCfg = Debug|x86
		{03B3CE25-40AB-41CB-A9BA-4A21F9F8816F}.Debug|iPhoneSimulator.ActiveCfg = Debug|x86
		{03B3CE25-40AB-41CB-A9BA-4A21F9F8816F}.Debug|x64.ActiveCfg = Debug|x64
		{03B3CE25-40AB-41CB-A9BA-4A21F9F8816F}.Debug|x64.Build.0 = Debug|x64
		{03B3CE25-40AB-41CB-A9BA-4A21F9F8816F}.Debug|x64.Deploy.0 = Debug|x64
		{03B3CE25-40AB-41CB-A9BA-4A21F9F8816F}.Debug|x86.ActiveCfg = Debug|x86
		{03B3CE25-40AB-41CB-A9BA-4A21F9F8816F}.Debug|x86.Build.0 = Debug|x86
		{03B3CE25-40AB-41CB-A9BA-4A21F9F8816F}.Debug|x86.Deploy.0 = Debug|x86
		{03B3CE25-40AB-41CB-A9BA-4A21F9F8816F}.Release|Any CPU.ActiveCfg = Release|x86
		{03B3CE25-40AB-41CB-A9BA-4A21F9F8816F}.Release|ARM.ActiveCfg = Release|ARM
		{03B3CE25-40AB-41CB-A9BA-4A21F9F8816F}.Release|ARM.Build.0 = Release|ARM
		{03B3CE25-40AB-41CB-A9BA-4A21F9F8816F}.Release|ARM.Deploy.0 = Release|ARM
		{03B3CE25-40AB-41CB-A9BA-4A21F9F8816F}.Release|ARM64.ActiveCfg = Release|ARM64
		{03B3CE25-40AB-41CB-A9BA-4A21F9F8816F}.Release|ARM64.Build.0 = Release|ARM64
		{03B3CE25-40AB-41CB-A9BA-4A21F9F8816F}.Release|ARM64.Deploy.0 = Release|ARM64
		{03B3CE25-40AB-41CB-A9BA-4A21F9F8816F}.Release|iPhone.ActiveCfg = Release|x86
		{03B3CE25-40AB-41CB-A9BA-4A21F9F8816F}.Release|iPhoneSimulator.ActiveCfg = Release|x86
		{03B3CE25-40AB-41CB-A9BA-4A21F9F8816F}.Release|x64.ActiveCfg = Release|x64
		{03B3CE25-40AB-41CB-A9BA-4A21F9F8816F}.Release|x64.Build.0 = Release|x64
		{03B3CE25-40AB-41CB-A9BA-4A21F9F8816F}.Release|x64.Deploy.0 = Release|x64
		{03B3CE25-40AB-41CB-A9BA-4A21F9F8816F}.Release|x86.ActiveCfg = Release|x86
		{03B3CE25-40AB-41CB-A9BA-4A21F9F8816F}.Release|x86.Build.0 = Release|x86
		{03B3CE25-40AB-41CB-A9BA-4A21F9F8816F}.Release|x86.Deploy.0 = Release|x86
		{942015AA-5F58-4BE8-9480-17485578369E}.Ad-Hoc|Any CPU.ActiveCfg = Debug|Any CPU
		{942015AA-5F58-4BE8-9480-17485578369E}.Ad-Hoc|Any CPU.Build.0 = Debug|Any CPU
		{942015AA-5F58-4BE8-9480-17485578369E}.Ad-Hoc|ARM.ActiveCfg = Debug|Any CPU
		{942015AA-5F58-4BE8-9480-17485578369E}.Ad-Hoc|ARM.Build.0 = Debug|Any CPU
		{942015AA-5F58-4BE8-9480-17485578369E}.Ad-Hoc|ARM64.ActiveCfg = Debug|Any CPU
		{942015AA-5F58-4BE8-9480-17485578369E}.Ad-Hoc|ARM64.Build.0 = Debug|Any CPU
		{942015AA-5F58-4BE8-9480-17485578369E}.Ad-Hoc|iPhone.ActiveCfg = Debug|Any CPU
		{942015AA-5F58-4BE8-9480-17485578369E}.Ad-Hoc|iPhone.Build.0 = Debug|Any CPU
		{942015AA-5F58-4BE8-9480-17485578369E}.Ad-Hoc|iPhoneSimulator.ActiveCfg = Debug|Any CPU
		{942015AA-5F58-4BE8-9480-17485578369E}.Ad-Hoc|iPhoneSimulator.Build.0 = Debug|Any CPU
		{942015AA-5F58-4BE8-9480-17485578369E}.Ad-Hoc|x64.ActiveCfg = Debug|Any CPU
		{942015AA-5F58-4BE8-9480-17485578369E}.Ad-Hoc|x64.Build.0 = Debug|Any CPU
		{942015AA-5F58-4BE8-9480-17485578369E}.Ad-Hoc|x86.ActiveCfg = Debug|Any CPU
		{942015AA-5F58-4BE8-9480-17485578369E}.Ad-Hoc|x86.Build.0 = Debug|Any CPU
		{942015AA-5F58-4BE8-9480-17485578369E}.AppStore|Any CPU.ActiveCfg = Debug|Any CPU
		{942015AA-5F58-4BE8-9480-17485578369E}.AppStore|Any CPU.Build.0 = Debug|Any CPU
		{942015AA-5F58-4BE8-9480-17485578369E}.AppStore|ARM.ActiveCfg = Debug|Any CPU
		{942015AA-5F58-4BE8-9480-17485578369E}.AppStore|ARM.Build.0 = Debug|Any CPU
		{942015AA-5F58-4BE8-9480-17485578369E}.AppStore|ARM64.ActiveCfg = Debug|Any CPU
		{942015AA-5F58-4BE8-9480-17485578369E}.AppStore|ARM64.Build.0 = Debug|Any CPU
		{942015AA-5F58-4BE8-9480-17485578369E}.AppStore|iPhone.ActiveCfg = Debug|Any CPU
		{942015AA-5F58-4BE8-9480-17485578369E}.AppStore|iPhone.Build.0 = Debug|Any CPU
		{942015AA-5F58-4BE8-9480-17485578369E}.AppStore|iPhoneSimulator.ActiveCfg = Debug|Any CPU
		{942015AA-5F58-4BE8-9480-17485578369E}.AppStore|iPhoneSimulator.Build.0 = Debug|Any CPU
		{942015AA-5F58-4BE8-9480-17485578369E}.AppStore|x64.ActiveCfg = Debug|Any CPU
		{942015AA-5F58-4BE8-9480-17485578369E}.AppStore|x64.Build.0 = Debug|Any CPU
		{942015AA-5F58-4BE8-9480-17485578369E}.AppStore|x86.ActiveCfg = Debug|Any CPU
		{942015AA-5F58-4BE8-9480-17485578369E}.AppStore|x86.Build.0 = Debug|Any CPU
		{942015AA-5F58-4BE8-9480-17485578369E}.Debug|Any CPU.ActiveCfg = Debug|Any CPU
		{942015AA-5F58-4BE8-9480-17485578369E}.Debug|Any CPU.Build.0 = Debug|Any CPU
		{942015AA-5F58-4BE8-9480-17485578369E}.Debug|ARM.ActiveCfg = Debug|Any CPU
		{942015AA-5F58-4BE8-9480-17485578369E}.Debug|ARM.Build.0 = Debug|Any CPU
		{942015AA-5F58-4BE8-9480-17485578369E}.Debug|ARM64.ActiveCfg = Debug|Any CPU
		{942015AA-5F58-4BE8-9480-17485578369E}.Debug|ARM64.Build.0 = Debug|Any CPU
		{942015AA-5F58-4BE8-9480-17485578369E}.Debug|iPhone.ActiveCfg = Debug|Any CPU
		{942015AA-5F58-4BE8-9480-17485578369E}.Debug|iPhone.Build.0 = Debug|Any CPU
		{942015AA-5F58-4BE8-9480-17485578369E}.Debug|iPhoneSimulator.ActiveCfg = Debug|Any CPU
		{942015AA-5F58-4BE8-9480-17485578369E}.Debug|iPhoneSimulator.Build.0 = Debug|Any CPU
		{942015AA-5F58-4BE8-9480-17485578369E}.Debug|x64.ActiveCfg = Debug|Any CPU
		{942015AA-5F58-4BE8-9480-17485578369E}.Debug|x64.Build.0 = Debug|Any CPU
		{942015AA-5F58-4BE8-9480-17485578369E}.Debug|x86.ActiveCfg = Debug|Any CPU
		{942015AA-5F58-4BE8-9480-17485578369E}.Debug|x86.Build.0 = Debug|Any CPU
		{942015AA-5F58-4BE8-9480-17485578369E}.Release|Any CPU.ActiveCfg = Release|Any CPU
		{942015AA-5F58-4BE8-9480-17485578369E}.Release|Any CPU.Build.0 = Release|Any CPU
		{942015AA-5F58-4BE8-9480-17485578369E}.Release|ARM.ActiveCfg = Release|Any CPU
		{942015AA-5F58-4BE8-9480-17485578369E}.Release|ARM.Build.0 = Release|Any CPU
		{942015AA-5F58-4BE8-9480-17485578369E}.Release|ARM64.ActiveCfg = Release|Any CPU
		{942015AA-5F58-4BE8-9480-17485578369E}.Release|ARM64.Build.0 = Release|Any CPU
		{942015AA-5F58-4BE8-9480-17485578369E}.Release|iPhone.ActiveCfg = Release|Any CPU
		{942015AA-5F58-4BE8-9480-17485578369E}.Release|iPhone.Build.0 = Release|Any CPU
		{942015AA-5F58-4BE8-9480-17485578369E}.Release|iPhoneSimulator.ActiveCfg = Release|Any CPU
		{942015AA-5F58-4BE8-9480-17485578369E}.Release|iPhoneSimulator.Build.0 = Release|Any CPU
		{942015AA-5F58-4BE8-9480-17485578369E}.Release|x64.ActiveCfg = Release|Any CPU
		{942015AA-5F58-4BE8-9480-17485578369E}.Release|x64.Build.0 = Release|Any CPU
		{942015AA-5F58-4BE8-9480-17485578369E}.Release|x86.ActiveCfg = Release|Any CPU
		{942015AA-5F58-4BE8-9480-17485578369E}.Release|x86.Build.0 = Release|Any CPU
		{6C48F5BF-9B63-4ACC-993E-F4B561731A4F}.Ad-Hoc|Any CPU.ActiveCfg = Debug|iPhoneSimulator
		{6C48F5BF-9B63-4ACC-993E-F4B561731A4F}.Ad-Hoc|Any CPU.Build.0 = Debug|iPhoneSimulator
		{6C48F5BF-9B63-4ACC-993E-F4B561731A4F}.Ad-Hoc|ARM.ActiveCfg = Debug|iPhoneSimulator
		{6C48F5BF-9B63-4ACC-993E-F4B561731A4F}.Ad-Hoc|ARM.Build.0 = Debug|iPhoneSimulator
		{6C48F5BF-9B63-4ACC-993E-F4B561731A4F}.Ad-Hoc|ARM64.ActiveCfg = Debug|iPhoneSimulator
		{6C48F5BF-9B63-4ACC-993E-F4B561731A4F}.Ad-Hoc|ARM64.Build.0 = Debug|iPhoneSimulator
		{6C48F5BF-9B63-4ACC-993E-F4B561731A4F}.Ad-Hoc|iPhone.ActiveCfg = Debug|iPhoneSimulator
		{6C48F5BF-9B63-4ACC-993E-F4B561731A4F}.Ad-Hoc|iPhone.Build.0 = Debug|iPhoneSimulator
		{6C48F5BF-9B63-4ACC-993E-F4B561731A4F}.Ad-Hoc|iPhoneSimulator.ActiveCfg = Debug|iPhoneSimulator
		{6C48F5BF-9B63-4ACC-993E-F4B561731A4F}.Ad-Hoc|iPhoneSimulator.Build.0 = Debug|iPhoneSimulator
		{6C48F5BF-9B63-4ACC-993E-F4B561731A4F}.Ad-Hoc|x64.ActiveCfg = Debug|iPhoneSimulator
		{6C48F5BF-9B63-4ACC-993E-F4B561731A4F}.Ad-Hoc|x64.Build.0 = Debug|iPhoneSimulator
		{6C48F5BF-9B63-4ACC-993E-F4B561731A4F}.Ad-Hoc|x86.ActiveCfg = Debug|iPhoneSimulator
		{6C48F5BF-9B63-4ACC-993E-F4B561731A4F}.Ad-Hoc|x86.Build.0 = Debug|iPhoneSimulator
		{6C48F5BF-9B63-4ACC-993E-F4B561731A4F}.AppStore|Any CPU.ActiveCfg = Debug|iPhoneSimulator
		{6C48F5BF-9B63-4ACC-993E-F4B561731A4F}.AppStore|Any CPU.Build.0 = Debug|iPhoneSimulator
		{6C48F5BF-9B63-4ACC-993E-F4B561731A4F}.AppStore|ARM.ActiveCfg = Debug|iPhoneSimulator
		{6C48F5BF-9B63-4ACC-993E-F4B561731A4F}.AppStore|ARM.Build.0 = Debug|iPhoneSimulator
		{6C48F5BF-9B63-4ACC-993E-F4B561731A4F}.AppStore|ARM64.ActiveCfg = Debug|iPhoneSimulator
		{6C48F5BF-9B63-4ACC-993E-F4B561731A4F}.AppStore|ARM64.Build.0 = Debug|iPhoneSimulator
		{6C48F5BF-9B63-4ACC-993E-F4B561731A4F}.AppStore|iPhone.ActiveCfg = Debug|iPhoneSimulator
		{6C48F5BF-9B63-4ACC-993E-F4B561731A4F}.AppStore|iPhone.Build.0 = Debug|iPhoneSimulator
		{6C48F5BF-9B63-4ACC-993E-F4B561731A4F}.AppStore|iPhoneSimulator.ActiveCfg = Debug|iPhoneSimulator
		{6C48F5BF-9B63-4ACC-993E-F4B561731A4F}.AppStore|iPhoneSimulator.Build.0 = Debug|iPhoneSimulator
		{6C48F5BF-9B63-4ACC-993E-F4B561731A4F}.AppStore|x64.ActiveCfg = Debug|iPhoneSimulator
		{6C48F5BF-9B63-4ACC-993E-F4B561731A4F}.AppStore|x64.Build.0 = Debug|iPhoneSimulator
		{6C48F5BF-9B63-4ACC-993E-F4B561731A4F}.AppStore|x86.ActiveCfg = Debug|iPhoneSimulator
		{6C48F5BF-9B63-4ACC-993E-F4B561731A4F}.AppStore|x86.Build.0 = Debug|iPhoneSimulator
		{6C48F5BF-9B63-4ACC-993E-F4B561731A4F}.Debug|Any CPU.ActiveCfg = Debug|iPhoneSimulator
		{6C48F5BF-9B63-4ACC-993E-F4B561731A4F}.Debug|ARM.ActiveCfg = Debug|iPhoneSimulator
		{6C48F5BF-9B63-4ACC-993E-F4B561731A4F}.Debug|ARM64.ActiveCfg = Debug|iPhoneSimulator
		{6C48F5BF-9B63-4ACC-993E-F4B561731A4F}.Debug|iPhone.ActiveCfg = Debug|iPhoneSimulator
		{6C48F5BF-9B63-4ACC-993E-F4B561731A4F}.Debug|iPhoneSimulator.ActiveCfg = Debug|iPhoneSimulator
		{6C48F5BF-9B63-4ACC-993E-F4B561731A4F}.Debug|iPhoneSimulator.Build.0 = Debug|iPhoneSimulator
		{6C48F5BF-9B63-4ACC-993E-F4B561731A4F}.Debug|x64.ActiveCfg = Debug|iPhoneSimulator
		{6C48F5BF-9B63-4ACC-993E-F4B561731A4F}.Debug|x86.ActiveCfg = Debug|iPhoneSimulator
		{6C48F5BF-9B63-4ACC-993E-F4B561731A4F}.Release|Any CPU.ActiveCfg = Release|iPhoneSimulator
		{6C48F5BF-9B63-4ACC-993E-F4B561731A4F}.Release|ARM.ActiveCfg = Release|iPhoneSimulator
		{6C48F5BF-9B63-4ACC-993E-F4B561731A4F}.Release|ARM64.ActiveCfg = Release|iPhoneSimulator
		{6C48F5BF-9B63-4ACC-993E-F4B561731A4F}.Release|iPhone.ActiveCfg = Release|iPhoneSimulator
		{6C48F5BF-9B63-4ACC-993E-F4B561731A4F}.Release|iPhoneSimulator.ActiveCfg = Release|iPhoneSimulator
		{6C48F5BF-9B63-4ACC-993E-F4B561731A4F}.Release|iPhoneSimulator.Build.0 = Release|iPhoneSimulator
		{6C48F5BF-9B63-4ACC-993E-F4B561731A4F}.Release|x64.ActiveCfg = Release|iPhoneSimulator
		{6C48F5BF-9B63-4ACC-993E-F4B561731A4F}.Release|x86.ActiveCfg = Release|iPhoneSimulator
		{F54350A6-284E-4FB5-B330-D0DBB4AE34B8}.Ad-Hoc|Any CPU.ActiveCfg = Debug|Any CPU
		{F54350A6-284E-4FB5-B330-D0DBB4AE34B8}.Ad-Hoc|Any CPU.Build.0 = Debug|Any CPU
		{F54350A6-284E-4FB5-B330-D0DBB4AE34B8}.Ad-Hoc|ARM.ActiveCfg = Debug|Any CPU
		{F54350A6-284E-4FB5-B330-D0DBB4AE34B8}.Ad-Hoc|ARM.Build.0 = Debug|Any CPU
		{F54350A6-284E-4FB5-B330-D0DBB4AE34B8}.Ad-Hoc|ARM64.ActiveCfg = Debug|Any CPU
		{F54350A6-284E-4FB5-B330-D0DBB4AE34B8}.Ad-Hoc|ARM64.Build.0 = Debug|Any CPU
		{F54350A6-284E-4FB5-B330-D0DBB4AE34B8}.Ad-Hoc|iPhone.ActiveCfg = Debug|Any CPU
		{F54350A6-284E-4FB5-B330-D0DBB4AE34B8}.Ad-Hoc|iPhone.Build.0 = Debug|Any CPU
		{F54350A6-284E-4FB5-B330-D0DBB4AE34B8}.Ad-Hoc|iPhoneSimulator.ActiveCfg = Debug|Any CPU
		{F54350A6-284E-4FB5-B330-D0DBB4AE34B8}.Ad-Hoc|iPhoneSimulator.Build.0 = Debug|Any CPU
		{F54350A6-284E-4FB5-B330-D0DBB4AE34B8}.Ad-Hoc|x64.ActiveCfg = Debug|Any CPU
		{F54350A6-284E-4FB5-B330-D0DBB4AE34B8}.Ad-Hoc|x64.Build.0 = Debug|Any CPU
		{F54350A6-284E-4FB5-B330-D0DBB4AE34B8}.Ad-Hoc|x86.ActiveCfg = Debug|Any CPU
		{F54350A6-284E-4FB5-B330-D0DBB4AE34B8}.Ad-Hoc|x86.Build.0 = Debug|Any CPU
		{F54350A6-284E-4FB5-B330-D0DBB4AE34B8}.AppStore|Any CPU.ActiveCfg = Debug|Any CPU
		{F54350A6-284E-4FB5-B330-D0DBB4AE34B8}.AppStore|Any CPU.Build.0 = Debug|Any CPU
		{F54350A6-284E-4FB5-B330-D0DBB4AE34B8}.AppStore|ARM.ActiveCfg = Debug|Any CPU
		{F54350A6-284E-4FB5-B330-D0DBB4AE34B8}.AppStore|ARM.Build.0 = Debug|Any CPU
		{F54350A6-284E-4FB5-B330-D0DBB4AE34B8}.AppStore|ARM64.ActiveCfg = Debug|Any CPU
		{F54350A6-284E-4FB5-B330-D0DBB4AE34B8}.AppStore|ARM64.Build.0 = Debug|Any CPU
		{F54350A6-284E-4FB5-B330-D0DBB4AE34B8}.AppStore|iPhone.ActiveCfg = Debug|Any CPU
		{F54350A6-284E-4FB5-B330-D0DBB4AE34B8}.AppStore|iPhone.Build.0 = Debug|Any CPU
		{F54350A6-284E-4FB5-B330-D0DBB4AE34B8}.AppStore|iPhoneSimulator.ActiveCfg = Debug|Any CPU
		{F54350A6-284E-4FB5-B330-D0DBB4AE34B8}.AppStore|iPhoneSimulator.Build.0 = Debug|Any CPU
		{F54350A6-284E-4FB5-B330-D0DBB4AE34B8}.AppStore|x64.ActiveCfg = Debug|Any CPU
		{F54350A6-284E-4FB5-B330-D0DBB4AE34B8}.AppStore|x64.Build.0 = Debug|Any CPU
		{F54350A6-284E-4FB5-B330-D0DBB4AE34B8}.AppStore|x86.ActiveCfg = Debug|Any CPU
		{F54350A6-284E-4FB5-B330-D0DBB4AE34B8}.AppStore|x86.Build.0 = Debug|Any CPU
		{F54350A6-284E-4FB5-B330-D0DBB4AE34B8}.Debug|Any CPU.ActiveCfg = Debug|Any CPU
		{F54350A6-284E-4FB5-B330-D0DBB4AE34B8}.Debug|Any CPU.Build.0 = Debug|Any CPU
		{F54350A6-284E-4FB5-B330-D0DBB4AE34B8}.Debug|ARM.ActiveCfg = Debug|Any CPU
		{F54350A6-284E-4FB5-B330-D0DBB4AE34B8}.Debug|ARM.Build.0 = Debug|Any CPU
		{F54350A6-284E-4FB5-B330-D0DBB4AE34B8}.Debug|ARM64.ActiveCfg = Debug|Any CPU
		{F54350A6-284E-4FB5-B330-D0DBB4AE34B8}.Debug|ARM64.Build.0 = Debug|Any CPU
		{F54350A6-284E-4FB5-B330-D0DBB4AE34B8}.Debug|iPhone.ActiveCfg = Debug|Any CPU
		{F54350A6-284E-4FB5-B330-D0DBB4AE34B8}.Debug|iPhone.Build.0 = Debug|Any CPU
		{F54350A6-284E-4FB5-B330-D0DBB4AE34B8}.Debug|iPhoneSimulator.ActiveCfg = Debug|Any CPU
		{F54350A6-284E-4FB5-B330-D0DBB4AE34B8}.Debug|iPhoneSimulator.Build.0 = Debug|Any CPU
		{F54350A6-284E-4FB5-B330-D0DBB4AE34B8}.Debug|x64.ActiveCfg = Debug|Any CPU
		{F54350A6-284E-4FB5-B330-D0DBB4AE34B8}.Debug|x64.Build.0 = Debug|Any CPU
		{F54350A6-284E-4FB5-B330-D0DBB4AE34B8}.Debug|x86.ActiveCfg = Debug|Any CPU
		{F54350A6-284E-4FB5-B330-D0DBB4AE34B8}.Debug|x86.Build.0 = Debug|Any CPU
		{F54350A6-284E-4FB5-B330-D0DBB4AE34B8}.Release|Any CPU.ActiveCfg = Release|Any CPU
		{F54350A6-284E-4FB5-B330-D0DBB4AE34B8}.Release|Any CPU.Build.0 = Release|Any CPU
		{F54350A6-284E-4FB5-B330-D0DBB4AE34B8}.Release|ARM.ActiveCfg = Release|Any CPU
		{F54350A6-284E-4FB5-B330-D0DBB4AE34B8}.Release|ARM.Build.0 = Release|Any CPU
		{F54350A6-284E-4FB5-B330-D0DBB4AE34B8}.Release|ARM64.ActiveCfg = Release|Any CPU
		{F54350A6-284E-4FB5-B330-D0DBB4AE34B8}.Release|ARM64.Build.0 = Release|Any CPU
		{F54350A6-284E-4FB5-B330-D0DBB4AE34B8}.Release|iPhone.ActiveCfg = Release|Any CPU
		{F54350A6-284E-4FB5-B330-D0DBB4AE34B8}.Release|iPhone.Build.0 = Release|Any CPU
		{F54350A6-284E-4FB5-B330-D0DBB4AE34B8}.Release|iPhoneSimulator.ActiveCfg = Release|Any CPU
		{F54350A6-284E-4FB5-B330-D0DBB4AE34B8}.Release|iPhoneSimulator.Build.0 = Release|Any CPU
		{F54350A6-284E-4FB5-B330-D0DBB4AE34B8}.Release|x64.ActiveCfg = Release|Any CPU
		{F54350A6-284E-4FB5-B330-D0DBB4AE34B8}.Release|x64.Build.0 = Release|Any CPU
		{F54350A6-284E-4FB5-B330-D0DBB4AE34B8}.Release|x86.ActiveCfg = Release|Any CPU
		{F54350A6-284E-4FB5-B330-D0DBB4AE34B8}.Release|x86.Build.0 = Release|Any CPU
		{DF1DCB04-7B38-4BD7-AFA6-11E029070CBB}.Ad-Hoc|Any CPU.ActiveCfg = Debug|Any CPU
		{DF1DCB04-7B38-4BD7-AFA6-11E029070CBB}.Ad-Hoc|Any CPU.Build.0 = Debug|Any CPU
		{DF1DCB04-7B38-4BD7-AFA6-11E029070CBB}.Ad-Hoc|ARM.ActiveCfg = Debug|Any CPU
		{DF1DCB04-7B38-4BD7-AFA6-11E029070CBB}.Ad-Hoc|ARM.Build.0 = Debug|Any CPU
		{DF1DCB04-7B38-4BD7-AFA6-11E029070CBB}.Ad-Hoc|ARM64.ActiveCfg = Debug|Any CPU
		{DF1DCB04-7B38-4BD7-AFA6-11E029070CBB}.Ad-Hoc|ARM64.Build.0 = Debug|Any CPU
		{DF1DCB04-7B38-4BD7-AFA6-11E029070CBB}.Ad-Hoc|iPhone.ActiveCfg = Debug|Any CPU
		{DF1DCB04-7B38-4BD7-AFA6-11E029070CBB}.Ad-Hoc|iPhone.Build.0 = Debug|Any CPU
		{DF1DCB04-7B38-4BD7-AFA6-11E029070CBB}.Ad-Hoc|iPhoneSimulator.ActiveCfg = Debug|Any CPU
		{DF1DCB04-7B38-4BD7-AFA6-11E029070CBB}.Ad-Hoc|iPhoneSimulator.Build.0 = Debug|Any CPU
		{DF1DCB04-7B38-4BD7-AFA6-11E029070CBB}.Ad-Hoc|x64.ActiveCfg = Debug|Any CPU
		{DF1DCB04-7B38-4BD7-AFA6-11E029070CBB}.Ad-Hoc|x64.Build.0 = Debug|Any CPU
		{DF1DCB04-7B38-4BD7-AFA6-11E029070CBB}.Ad-Hoc|x86.ActiveCfg = Debug|Any CPU
		{DF1DCB04-7B38-4BD7-AFA6-11E029070CBB}.Ad-Hoc|x86.Build.0 = Debug|Any CPU
		{DF1DCB04-7B38-4BD7-AFA6-11E029070CBB}.AppStore|Any CPU.ActiveCfg = Debug|Any CPU
		{DF1DCB04-7B38-4BD7-AFA6-11E029070CBB}.AppStore|Any CPU.Build.0 = Debug|Any CPU
		{DF1DCB04-7B38-4BD7-AFA6-11E029070CBB}.AppStore|ARM.ActiveCfg = Debug|Any CPU
		{DF1DCB04-7B38-4BD7-AFA6-11E029070CBB}.AppStore|ARM.Build.0 = Debug|Any CPU
		{DF1DCB04-7B38-4BD7-AFA6-11E029070CBB}.AppStore|ARM64.ActiveCfg = Debug|Any CPU
		{DF1DCB04-7B38-4BD7-AFA6-11E029070CBB}.AppStore|ARM64.Build.0 = Debug|Any CPU
		{DF1DCB04-7B38-4BD7-AFA6-11E029070CBB}.AppStore|iPhone.ActiveCfg = Debug|Any CPU
		{DF1DCB04-7B38-4BD7-AFA6-11E029070CBB}.AppStore|iPhone.Build.0 = Debug|Any CPU
		{DF1DCB04-7B38-4BD7-AFA6-11E029070CBB}.AppStore|iPhoneSimulator.ActiveCfg = Debug|Any CPU
		{DF1DCB04-7B38-4BD7-AFA6-11E029070CBB}.AppStore|iPhoneSimulator.Build.0 = Debug|Any CPU
		{DF1DCB04-7B38-4BD7-AFA6-11E029070CBB}.AppStore|x64.ActiveCfg = Debug|Any CPU
		{DF1DCB04-7B38-4BD7-AFA6-11E029070CBB}.AppStore|x64.Build.0 = Debug|Any CPU
		{DF1DCB04-7B38-4BD7-AFA6-11E029070CBB}.AppStore|x86.ActiveCfg = Debug|Any CPU
		{DF1DCB04-7B38-4BD7-AFA6-11E029070CBB}.AppStore|x86.Build.0 = Debug|Any CPU
		{DF1DCB04-7B38-4BD7-AFA6-11E029070CBB}.Debug|Any CPU.ActiveCfg = Debug|Any CPU
		{DF1DCB04-7B38-4BD7-AFA6-11E029070CBB}.Debug|Any CPU.Build.0 = Debug|Any CPU
		{DF1DCB04-7B38-4BD7-AFA6-11E029070CBB}.Debug|ARM.ActiveCfg = Debug|Any CPU
		{DF1DCB04-7B38-4BD7-AFA6-11E029070CBB}.Debug|ARM.Build.0 = Debug|Any CPU
		{DF1DCB04-7B38-4BD7-AFA6-11E029070CBB}.Debug|ARM64.ActiveCfg = Debug|Any CPU
		{DF1DCB04-7B38-4BD7-AFA6-11E029070CBB}.Debug|ARM64.Build.0 = Debug|Any CPU
		{DF1DCB04-7B38-4BD7-AFA6-11E029070CBB}.Debug|iPhone.ActiveCfg = Debug|Any CPU
		{DF1DCB04-7B38-4BD7-AFA6-11E029070CBB}.Debug|iPhone.Build.0 = Debug|Any CPU
		{DF1DCB04-7B38-4BD7-AFA6-11E029070CBB}.Debug|iPhoneSimulator.ActiveCfg = Debug|Any CPU
		{DF1DCB04-7B38-4BD7-AFA6-11E029070CBB}.Debug|iPhoneSimulator.Build.0 = Debug|Any CPU
		{DF1DCB04-7B38-4BD7-AFA6-11E029070CBB}.Debug|x64.ActiveCfg = Debug|Any CPU
		{DF1DCB04-7B38-4BD7-AFA6-11E029070CBB}.Debug|x64.Build.0 = Debug|Any CPU
		{DF1DCB04-7B38-4BD7-AFA6-11E029070CBB}.Debug|x86.ActiveCfg = Debug|Any CPU
		{DF1DCB04-7B38-4BD7-AFA6-11E029070CBB}.Debug|x86.Build.0 = Debug|Any CPU
		{DF1DCB04-7B38-4BD7-AFA6-11E029070CBB}.Release|Any CPU.ActiveCfg = Release|Any CPU
		{DF1DCB04-7B38-4BD7-AFA6-11E029070CBB}.Release|Any CPU.Build.0 = Release|Any CPU
		{DF1DCB04-7B38-4BD7-AFA6-11E029070CBB}.Release|ARM.ActiveCfg = Release|Any CPU
		{DF1DCB04-7B38-4BD7-AFA6-11E029070CBB}.Release|ARM.Build.0 = Release|Any CPU
		{DF1DCB04-7B38-4BD7-AFA6-11E029070CBB}.Release|ARM64.ActiveCfg = Release|Any CPU
		{DF1DCB04-7B38-4BD7-AFA6-11E029070CBB}.Release|ARM64.Build.0 = Release|Any CPU
		{DF1DCB04-7B38-4BD7-AFA6-11E029070CBB}.Release|iPhone.ActiveCfg = Release|Any CPU
		{DF1DCB04-7B38-4BD7-AFA6-11E029070CBB}.Release|iPhone.Build.0 = Release|Any CPU
		{DF1DCB04-7B38-4BD7-AFA6-11E029070CBB}.Release|iPhoneSimulator.ActiveCfg = Release|Any CPU
		{DF1DCB04-7B38-4BD7-AFA6-11E029070CBB}.Release|iPhoneSimulator.Build.0 = Release|Any CPU
		{DF1DCB04-7B38-4BD7-AFA6-11E029070CBB}.Release|x64.ActiveCfg = Release|Any CPU
		{DF1DCB04-7B38-4BD7-AFA6-11E029070CBB}.Release|x64.Build.0 = Release|Any CPU
		{DF1DCB04-7B38-4BD7-AFA6-11E029070CBB}.Release|x86.ActiveCfg = Release|Any CPU
		{DF1DCB04-7B38-4BD7-AFA6-11E029070CBB}.Release|x86.Build.0 = Release|Any CPU
		{366986ED-C74C-4D07-BCE4-D785E21E6923}.Ad-Hoc|Any CPU.ActiveCfg = Debug|Any CPU
		{366986ED-C74C-4D07-BCE4-D785E21E6923}.Ad-Hoc|Any CPU.Build.0 = Debug|Any CPU
		{366986ED-C74C-4D07-BCE4-D785E21E6923}.Ad-Hoc|ARM.ActiveCfg = Debug|Any CPU
		{366986ED-C74C-4D07-BCE4-D785E21E6923}.Ad-Hoc|ARM.Build.0 = Debug|Any CPU
		{366986ED-C74C-4D07-BCE4-D785E21E6923}.Ad-Hoc|ARM64.ActiveCfg = Debug|Any CPU
		{366986ED-C74C-4D07-BCE4-D785E21E6923}.Ad-Hoc|ARM64.Build.0 = Debug|Any CPU
		{366986ED-C74C-4D07-BCE4-D785E21E6923}.Ad-Hoc|iPhone.ActiveCfg = Debug|Any CPU
		{366986ED-C74C-4D07-BCE4-D785E21E6923}.Ad-Hoc|iPhone.Build.0 = Debug|Any CPU
		{366986ED-C74C-4D07-BCE4-D785E21E6923}.Ad-Hoc|iPhoneSimulator.ActiveCfg = Debug|Any CPU
		{366986ED-C74C-4D07-BCE4-D785E21E6923}.Ad-Hoc|iPhoneSimulator.Build.0 = Debug|Any CPU
		{366986ED-C74C-4D07-BCE4-D785E21E6923}.Ad-Hoc|x64.ActiveCfg = Debug|Any CPU
		{366986ED-C74C-4D07-BCE4-D785E21E6923}.Ad-Hoc|x64.Build.0 = Debug|Any CPU
		{366986ED-C74C-4D07-BCE4-D785E21E6923}.Ad-Hoc|x86.ActiveCfg = Debug|Any CPU
		{366986ED-C74C-4D07-BCE4-D785E21E6923}.Ad-Hoc|x86.Build.0 = Debug|Any CPU
		{366986ED-C74C-4D07-BCE4-D785E21E6923}.AppStore|Any CPU.ActiveCfg = Debug|Any CPU
		{366986ED-C74C-4D07-BCE4-D785E21E6923}.AppStore|Any CPU.Build.0 = Debug|Any CPU
		{366986ED-C74C-4D07-BCE4-D785E21E6923}.AppStore|ARM.ActiveCfg = Debug|Any CPU
		{366986ED-C74C-4D07-BCE4-D785E21E6923}.AppStore|ARM.Build.0 = Debug|Any CPU
		{366986ED-C74C-4D07-BCE4-D785E21E6923}.AppStore|ARM64.ActiveCfg = Debug|Any CPU
		{366986ED-C74C-4D07-BCE4-D785E21E6923}.AppStore|ARM64.Build.0 = Debug|Any CPU
		{366986ED-C74C-4D07-BCE4-D785E21E6923}.AppStore|iPhone.ActiveCfg = Debug|Any CPU
		{366986ED-C74C-4D07-BCE4-D785E21E6923}.AppStore|iPhone.Build.0 = Debug|Any CPU
		{366986ED-C74C-4D07-BCE4-D785E21E6923}.AppStore|iPhoneSimulator.ActiveCfg = Debug|Any CPU
		{366986ED-C74C-4D07-BCE4-D785E21E6923}.AppStore|iPhoneSimulator.Build.0 = Debug|Any CPU
		{366986ED-C74C-4D07-BCE4-D785E21E6923}.AppStore|x64.ActiveCfg = Debug|Any CPU
		{366986ED-C74C-4D07-BCE4-D785E21E6923}.AppStore|x64.Build.0 = Debug|Any CPU
		{366986ED-C74C-4D07-BCE4-D785E21E6923}.AppStore|x86.ActiveCfg = Debug|Any CPU
		{366986ED-C74C-4D07-BCE4-D785E21E6923}.AppStore|x86.Build.0 = Debug|Any CPU
		{366986ED-C74C-4D07-BCE4-D785E21E6923}.Debug|Any CPU.ActiveCfg = Debug|Any CPU
		{366986ED-C74C-4D07-BCE4-D785E21E6923}.Debug|Any CPU.Build.0 = Debug|Any CPU
		{366986ED-C74C-4D07-BCE4-D785E21E6923}.Debug|ARM.ActiveCfg = Debug|Any CPU
		{366986ED-C74C-4D07-BCE4-D785E21E6923}.Debug|ARM.Build.0 = Debug|Any CPU
		{366986ED-C74C-4D07-BCE4-D785E21E6923}.Debug|ARM64.ActiveCfg = Debug|Any CPU
		{366986ED-C74C-4D07-BCE4-D785E21E6923}.Debug|ARM64.Build.0 = Debug|Any CPU
		{366986ED-C74C-4D07-BCE4-D785E21E6923}.Debug|iPhone.ActiveCfg = Debug|Any CPU
		{366986ED-C74C-4D07-BCE4-D785E21E6923}.Debug|iPhone.Build.0 = Debug|Any CPU
		{366986ED-C74C-4D07-BCE4-D785E21E6923}.Debug|iPhoneSimulator.ActiveCfg = Debug|Any CPU
		{366986ED-C74C-4D07-BCE4-D785E21E6923}.Debug|iPhoneSimulator.Build.0 = Debug|Any CPU
		{366986ED-C74C-4D07-BCE4-D785E21E6923}.Debug|x64.ActiveCfg = Debug|Any CPU
		{366986ED-C74C-4D07-BCE4-D785E21E6923}.Debug|x64.Build.0 = Debug|Any CPU
		{366986ED-C74C-4D07-BCE4-D785E21E6923}.Debug|x86.ActiveCfg = Debug|Any CPU
		{366986ED-C74C-4D07-BCE4-D785E21E6923}.Debug|x86.Build.0 = Debug|Any CPU
		{366986ED-C74C-4D07-BCE4-D785E21E6923}.Release|Any CPU.ActiveCfg = Release|Any CPU
		{366986ED-C74C-4D07-BCE4-D785E21E6923}.Release|Any CPU.Build.0 = Release|Any CPU
		{366986ED-C74C-4D07-BCE4-D785E21E6923}.Release|ARM.ActiveCfg = Release|Any CPU
		{366986ED-C74C-4D07-BCE4-D785E21E6923}.Release|ARM.Build.0 = Release|Any CPU
		{366986ED-C74C-4D07-BCE4-D785E21E6923}.Release|ARM64.ActiveCfg = Release|Any CPU
		{366986ED-C74C-4D07-BCE4-D785E21E6923}.Release|ARM64.Build.0 = Release|Any CPU
		{366986ED-C74C-4D07-BCE4-D785E21E6923}.Release|iPhone.ActiveCfg = Release|Any CPU
		{366986ED-C74C-4D07-BCE4-D785E21E6923}.Release|iPhone.Build.0 = Release|Any CPU
		{366986ED-C74C-4D07-BCE4-D785E21E6923}.Release|iPhoneSimulator.ActiveCfg = Release|Any CPU
		{366986ED-C74C-4D07-BCE4-D785E21E6923}.Release|iPhoneSimulator.Build.0 = Release|Any CPU
		{366986ED-C74C-4D07-BCE4-D785E21E6923}.Release|x64.ActiveCfg = Release|Any CPU
		{366986ED-C74C-4D07-BCE4-D785E21E6923}.Release|x64.Build.0 = Release|Any CPU
		{366986ED-C74C-4D07-BCE4-D785E21E6923}.Release|x86.ActiveCfg = Release|Any CPU
		{366986ED-C74C-4D07-BCE4-D785E21E6923}.Release|x86.Build.0 = Release|Any CPU
		{7636DB8A-8B8C-46C2-9296-891FD7F79821}.Ad-Hoc|Any CPU.ActiveCfg = Debug|Any CPU
		{7636DB8A-8B8C-46C2-9296-891FD7F79821}.Ad-Hoc|Any CPU.Build.0 = Debug|Any CPU
		{7636DB8A-8B8C-46C2-9296-891FD7F79821}.Ad-Hoc|ARM.ActiveCfg = Debug|Any CPU
		{7636DB8A-8B8C-46C2-9296-891FD7F79821}.Ad-Hoc|ARM.Build.0 = Debug|Any CPU
		{7636DB8A-8B8C-46C2-9296-891FD7F79821}.Ad-Hoc|ARM64.ActiveCfg = Debug|Any CPU
		{7636DB8A-8B8C-46C2-9296-891FD7F79821}.Ad-Hoc|ARM64.Build.0 = Debug|Any CPU
		{7636DB8A-8B8C-46C2-9296-891FD7F79821}.Ad-Hoc|iPhone.ActiveCfg = Debug|Any CPU
		{7636DB8A-8B8C-46C2-9296-891FD7F79821}.Ad-Hoc|iPhone.Build.0 = Debug|Any CPU
		{7636DB8A-8B8C-46C2-9296-891FD7F79821}.Ad-Hoc|iPhoneSimulator.ActiveCfg = Debug|Any CPU
		{7636DB8A-8B8C-46C2-9296-891FD7F79821}.Ad-Hoc|iPhoneSimulator.Build.0 = Debug|Any CPU
		{7636DB8A-8B8C-46C2-9296-891FD7F79821}.Ad-Hoc|x64.ActiveCfg = Debug|Any CPU
		{7636DB8A-8B8C-46C2-9296-891FD7F79821}.Ad-Hoc|x64.Build.0 = Debug|Any CPU
		{7636DB8A-8B8C-46C2-9296-891FD7F79821}.Ad-Hoc|x86.ActiveCfg = Debug|Any CPU
		{7636DB8A-8B8C-46C2-9296-891FD7F79821}.Ad-Hoc|x86.Build.0 = Debug|Any CPU
		{7636DB8A-8B8C-46C2-9296-891FD7F79821}.AppStore|Any CPU.ActiveCfg = Debug|Any CPU
		{7636DB8A-8B8C-46C2-9296-891FD7F79821}.AppStore|Any CPU.Build.0 = Debug|Any CPU
		{7636DB8A-8B8C-46C2-9296-891FD7F79821}.AppStore|ARM.ActiveCfg = Debug|Any CPU
		{7636DB8A-8B8C-46C2-9296-891FD7F79821}.AppStore|ARM.Build.0 = Debug|Any CPU
		{7636DB8A-8B8C-46C2-9296-891FD7F79821}.AppStore|ARM64.ActiveCfg = Debug|Any CPU
		{7636DB8A-8B8C-46C2-9296-891FD7F79821}.AppStore|ARM64.Build.0 = Debug|Any CPU
		{7636DB8A-8B8C-46C2-9296-891FD7F79821}.AppStore|iPhone.ActiveCfg = Debug|Any CPU
		{7636DB8A-8B8C-46C2-9296-891FD7F79821}.AppStore|iPhone.Build.0 = Debug|Any CPU
		{7636DB8A-8B8C-46C2-9296-891FD7F79821}.AppStore|iPhoneSimulator.ActiveCfg = Debug|Any CPU
		{7636DB8A-8B8C-46C2-9296-891FD7F79821}.AppStore|iPhoneSimulator.Build.0 = Debug|Any CPU
		{7636DB8A-8B8C-46C2-9296-891FD7F79821}.AppStore|x64.ActiveCfg = Debug|Any CPU
		{7636DB8A-8B8C-46C2-9296-891FD7F79821}.AppStore|x64.Build.0 = Debug|Any CPU
		{7636DB8A-8B8C-46C2-9296-891FD7F79821}.AppStore|x86.ActiveCfg = Debug|Any CPU
		{7636DB8A-8B8C-46C2-9296-891FD7F79821}.AppStore|x86.Build.0 = Debug|Any CPU
		{7636DB8A-8B8C-46C2-9296-891FD7F79821}.Debug|Any CPU.ActiveCfg = Debug|Any CPU
		{7636DB8A-8B8C-46C2-9296-891FD7F79821}.Debug|Any CPU.Build.0 = Debug|Any CPU
		{7636DB8A-8B8C-46C2-9296-891FD7F79821}.Debug|ARM.ActiveCfg = Debug|Any CPU
		{7636DB8A-8B8C-46C2-9296-891FD7F79821}.Debug|ARM.Build.0 = Debug|Any CPU
		{7636DB8A-8B8C-46C2-9296-891FD7F79821}.Debug|ARM64.ActiveCfg = Debug|Any CPU
		{7636DB8A-8B8C-46C2-9296-891FD7F79821}.Debug|ARM64.Build.0 = Debug|Any CPU
		{7636DB8A-8B8C-46C2-9296-891FD7F79821}.Debug|iPhone.ActiveCfg = Debug|Any CPU
		{7636DB8A-8B8C-46C2-9296-891FD7F79821}.Debug|iPhone.Build.0 = Debug|Any CPU
		{7636DB8A-8B8C-46C2-9296-891FD7F79821}.Debug|iPhoneSimulator.ActiveCfg = Debug|Any CPU
		{7636DB8A-8B8C-46C2-9296-891FD7F79821}.Debug|iPhoneSimulator.Build.0 = Debug|Any CPU
		{7636DB8A-8B8C-46C2-9296-891FD7F79821}.Debug|x64.ActiveCfg = Debug|Any CPU
		{7636DB8A-8B8C-46C2-9296-891FD7F79821}.Debug|x64.Build.0 = Debug|Any CPU
		{7636DB8A-8B8C-46C2-9296-891FD7F79821}.Debug|x86.ActiveCfg = Debug|Any CPU
		{7636DB8A-8B8C-46C2-9296-891FD7F79821}.Debug|x86.Build.0 = Debug|Any CPU
		{7636DB8A-8B8C-46C2-9296-891FD7F79821}.Release|Any CPU.ActiveCfg = Release|Any CPU
		{7636DB8A-8B8C-46C2-9296-891FD7F79821}.Release|Any CPU.Build.0 = Release|Any CPU
		{7636DB8A-8B8C-46C2-9296-891FD7F79821}.Release|ARM.ActiveCfg = Release|Any CPU
		{7636DB8A-8B8C-46C2-9296-891FD7F79821}.Release|ARM.Build.0 = Release|Any CPU
		{7636DB8A-8B8C-46C2-9296-891FD7F79821}.Release|ARM64.ActiveCfg = Release|Any CPU
		{7636DB8A-8B8C-46C2-9296-891FD7F79821}.Release|ARM64.Build.0 = Release|Any CPU
		{7636DB8A-8B8C-46C2-9296-891FD7F79821}.Release|iPhone.ActiveCfg = Release|Any CPU
		{7636DB8A-8B8C-46C2-9296-891FD7F79821}.Release|iPhone.Build.0 = Release|Any CPU
		{7636DB8A-8B8C-46C2-9296-891FD7F79821}.Release|iPhoneSimulator.ActiveCfg = Release|Any CPU
		{7636DB8A-8B8C-46C2-9296-891FD7F79821}.Release|iPhoneSimulator.Build.0 = Release|Any CPU
		{7636DB8A-8B8C-46C2-9296-891FD7F79821}.Release|x64.ActiveCfg = Release|Any CPU
		{7636DB8A-8B8C-46C2-9296-891FD7F79821}.Release|x64.Build.0 = Release|Any CPU
		{7636DB8A-8B8C-46C2-9296-891FD7F79821}.Release|x86.ActiveCfg = Release|Any CPU
		{7636DB8A-8B8C-46C2-9296-891FD7F79821}.Release|x86.Build.0 = Release|Any CPU
	EndGlobalSection
	GlobalSection(SolutionProperties) = preSolution
		HideSolutionNode = FALSE
	EndGlobalSection
	GlobalSection(NestedProjects) = preSolution
		{295A5203-27B0-4D0B-94D4-574F3541990F} = {0AFA2AAD-3598-4B15-8CF2-C5D2BEA5E1FF}
		{48D4A7CB-715F-433E-84FD-7784BAF8AFEB} = {0AFA2AAD-3598-4B15-8CF2-C5D2BEA5E1FF}
		{03B3CE25-40AB-41CB-A9BA-4A21F9F8816F} = {0AFA2AAD-3598-4B15-8CF2-C5D2BEA5E1FF}
		{942015AA-5F58-4BE8-9480-17485578369E} = {0AFA2AAD-3598-4B15-8CF2-C5D2BEA5E1FF}
		{6C48F5BF-9B63-4ACC-993E-F4B561731A4F} = {0AFA2AAD-3598-4B15-8CF2-C5D2BEA5E1FF}
		{F54350A6-284E-4FB5-B330-D0DBB4AE34B8} = {0AFA2AAD-3598-4B15-8CF2-C5D2BEA5E1FF}
		{DF1DCB04-7B38-4BD7-AFA6-11E029070CBB} = {0AFA2AAD-3598-4B15-8CF2-C5D2BEA5E1FF}
		{366986ED-C74C-4D07-BCE4-D785E21E6923} = {0AFA2AAD-3598-4B15-8CF2-C5D2BEA5E1FF}
		{7636DB8A-8B8C-46C2-9296-891FD7F79821} = {0AFA2AAD-3598-4B15-8CF2-C5D2BEA5E1FF}
	EndGlobalSection
	GlobalSection(ExtensibilityGlobals) = postSolution
		SolutionGuid = {F27F7805-AD70-451A-B2A6-03EA6345B991}
	EndGlobalSection
EndGlobal
